
Microsoft Visual Studio Solution File, Format Version 12.00
# Visual Studio Version 16
VisualStudioVersion = 16.0.29519.181
MinimumVisualStudioVersion = 10.0.40219.1
Project("{FAE04EC0-301F-11D3-BF4B-00C04F79EFBC}") = "LAB3_5", "LAB3_5\LAB3_5.csproj", "{C2B19590-F1F4-4D36-8A4D-5F59EA6DAFD6}"
EndProject
Global
	GlobalSection(SolutionConfigurationPlatforms) = preSolution
		Debug|Any CPU = Debug|Any CPU
		Release|Any CPU = Release|Any CPU
	EndGlobalSection
	GlobalSection(ProjectConfigurationPlatforms) = postSolution
		{C2B19590-F1F4-4D36-8A4D-5F59EA6DAFD6}.Debug|Any CPU.ActiveCfg = Debug|Any CPU
		{C2B19590-F1F4-4D36-8A4D-5F59EA6DAFD6}.Debug|Any CPU.Build.0 = Debug|Any CPU
		{C2B19590-F1F4-4D36-8A4D-5F59EA6DAFD6}.Release|Any CPU.ActiveCfg = Release|Any CPU
		{C2B19590-F1F4-4D36-8A4D-5F59EA6DAFD6}.Release|Any CPU.Build.0 = Release|Any CPU
	EndGlobalSection
	GlobalSection(SolutionProperties) = preSolution
		HideSolutionNode = FALSE
	EndGlobalSection
	GlobalSection(ExtensibilityGlobals) = postSolution
		SolutionGuid = {46D50E57-66DE-4582-8B86-F1FA97E7ECB6}
	EndGlobalSection
EndGlobal
