
Microsoft Visual Studio Solution File, Format Version 12.00
# Visual Studio Version 16
VisualStudioVersion = 16.0.29215.179
MinimumVisualStudioVersion = 10.0.40219.1
Project("{FAE04EC0-301F-11D3-BF4B-00C04F79EFBC}") = "Ex 10", "Ex 10\Ex 10.csproj", "{D297281A-73B1-4042-95C8-88D4C654CBEA}"
EndProject
Global
	GlobalSection(SolutionConfigurationPlatforms) = preSolution
		Debug|Any CPU = Debug|Any CPU
		Release|Any CPU = Release|Any CPU
	EndGlobalSection
	GlobalSection(ProjectConfigurationPlatforms) = postSolution
		{D297281A-73B1-4042-95C8-88D4C654CBEA}.Debug|Any CPU.ActiveCfg = Debug|Any CPU
		{D297281A-73B1-4042-95C8-88D4C654CBEA}.Debug|Any CPU.Build.0 = Debug|Any CPU
		{D297281A-73B1-4042-95C8-88D4C654CBEA}.Release|Any CPU.ActiveCfg = Release|Any CPU
		{D297281A-73B1-4042-95C8-88D4C654CBEA}.Release|Any CPU.Build.0 = Release|Any CPU
	EndGlobalSection
	GlobalSection(SolutionProperties) = preSolution
		HideSolutionNode = FALSE
	EndGlobalSection
	GlobalSection(ExtensibilityGlobals) = postSolution
		SolutionGuid = {8C2EA634-D0A9-4B10-BB82-A2E6FA42C43D}
	EndGlobalSection
EndGlobal
