
Microsoft Visual Studio Solution File, Format Version 12.00
# Visual Studio Version 16
VisualStudioVersion = 16.0.29519.181
MinimumVisualStudioVersion = 10.0.40219.1
Project("{FAE04EC0-301F-11D3-BF4B-00C04F79EFBC}") = "LAB3_6", "LAB3_6\LAB3_6.csproj", "{D88E8D3D-0D80-4F33-8E06-D92A4160BEA1}"
EndProject
Global
	GlobalSection(SolutionConfigurationPlatforms) = preSolution
		Debug|Any CPU = Debug|Any CPU
		Release|Any CPU = Release|Any CPU
	EndGlobalSection
	GlobalSection(ProjectConfigurationPlatforms) = postSolution
		{D88E8D3D-0D80-4F33-8E06-D92A4160BEA1}.Debug|Any CPU.ActiveCfg = Debug|Any CPU
		{D88E8D3D-0D80-4F33-8E06-D92A4160BEA1}.Debug|Any CPU.Build.0 = Debug|Any CPU
		{D88E8D3D-0D80-4F33-8E06-D92A4160BEA1}.Release|Any CPU.ActiveCfg = Release|Any CPU
		{D88E8D3D-0D80-4F33-8E06-D92A4160BEA1}.Release|Any CPU.Build.0 = Release|Any CPU
	EndGlobalSection
	GlobalSection(SolutionProperties) = preSolution
		HideSolutionNode = FALSE
	EndGlobalSection
	GlobalSection(ExtensibilityGlobals) = postSolution
		SolutionGuid = {6A6CBC6D-F162-431D-9BDA-C539A3B0C181}
	EndGlobalSection
EndGlobal
