
Microsoft Visual Studio Solution File, Format Version 12.00
# Visual Studio Version 16
VisualStudioVersion = 16.0.29215.179
MinimumVisualStudioVersion = 10.0.40219.1
Project("{FAE04EC0-301F-11D3-BF4B-00C04F79EFBC}") = "Ex 3", "Ex 3\Ex 3.csproj", "{AEC5A7C3-E30D-44BE-981A-87B727DB0182}"
EndProject
Global
	GlobalSection(SolutionConfigurationPlatforms) = preSolution
		Debug|Any CPU = Debug|Any CPU
		Release|Any CPU = Release|Any CPU
	EndGlobalSection
	GlobalSection(ProjectConfigurationPlatforms) = postSolution
		{AEC5A7C3-E30D-44BE-981A-87B727DB0182}.Debug|Any CPU.ActiveCfg = Debug|Any CPU
		{AEC5A7C3-E30D-44BE-981A-87B727DB0182}.Debug|Any CPU.Build.0 = Debug|Any CPU
		{AEC5A7C3-E30D-44BE-981A-87B727DB0182}.Release|Any CPU.ActiveCfg = Release|Any CPU
		{AEC5A7C3-E30D-44BE-981A-87B727DB0182}.Release|Any CPU.Build.0 = Release|Any CPU
	EndGlobalSection
	GlobalSection(SolutionProperties) = preSolution
		HideSolutionNode = FALSE
	EndGlobalSection
	GlobalSection(ExtensibilityGlobals) = postSolution
		SolutionGuid = {86447877-CC16-44C5-AF5F-0DC8FD96336A}
	EndGlobalSection
EndGlobal
