
Microsoft Visual Studio Solution File, Format Version 12.00
# Visual Studio Version 16
VisualStudioVersion = 16.0.29519.181
MinimumVisualStudioVersion = 10.0.40219.1
Project("{FAE04EC0-301F-11D3-BF4B-00C04F79EFBC}") = "LAB3_7", "LAB3_7\LAB3_7.csproj", "{F54C6D7A-725D-43C8-AA50-45C94F07A07C}"
EndProject
Global
	GlobalSection(SolutionConfigurationPlatforms) = preSolution
		Debug|Any CPU = Debug|Any CPU
		Release|Any CPU = Release|Any CPU
	EndGlobalSection
	GlobalSection(ProjectConfigurationPlatforms) = postSolution
		{F54C6D7A-725D-43C8-AA50-45C94F07A07C}.Debug|Any CPU.ActiveCfg = Debug|Any CPU
		{F54C6D7A-725D-43C8-AA50-45C94F07A07C}.Debug|Any CPU.Build.0 = Debug|Any CPU
		{F54C6D7A-725D-43C8-AA50-45C94F07A07C}.Release|Any CPU.ActiveCfg = Release|Any CPU
		{F54C6D7A-725D-43C8-AA50-45C94F07A07C}.Release|Any CPU.Build.0 = Release|Any CPU
	EndGlobalSection
	GlobalSection(SolutionProperties) = preSolution
		HideSolutionNode = FALSE
	EndGlobalSection
	GlobalSection(ExtensibilityGlobals) = postSolution
		SolutionGuid = {FBE20BDE-3D15-47BC-B494-38E015AEE40E}
	EndGlobalSection
EndGlobal
