
Microsoft Visual Studio Solution File, Format Version 12.00
# Visual Studio Version 16
VisualStudioVersion = 16.0.29519.181
MinimumVisualStudioVersion = 10.0.40219.1
Project("{FAE04EC0-301F-11D3-BF4B-00C04F79EFBC}") = "LAB3_3", "LAB3_3\LAB3_3.csproj", "{34013569-7553-4FBE-A358-4A10080A5320}"
EndProject
Global
	GlobalSection(SolutionConfigurationPlatforms) = preSolution
		Debug|Any CPU = Debug|Any CPU
		Release|Any CPU = Release|Any CPU
	EndGlobalSection
	GlobalSection(ProjectConfigurationPlatforms) = postSolution
		{34013569-7553-4FBE-A358-4A10080A5320}.Debug|Any CPU.ActiveCfg = Debug|Any CPU
		{34013569-7553-4FBE-A358-4A10080A5320}.Debug|Any CPU.Build.0 = Debug|Any CPU
		{34013569-7553-4FBE-A358-4A10080A5320}.Release|Any CPU.ActiveCfg = Release|Any CPU
		{34013569-7553-4FBE-A358-4A10080A5320}.Release|Any CPU.Build.0 = Release|Any CPU
	EndGlobalSection
	GlobalSection(SolutionProperties) = preSolution
		HideSolutionNode = FALSE
	EndGlobalSection
	GlobalSection(ExtensibilityGlobals) = postSolution
		SolutionGuid = {8324BE0C-1D2D-4B9B-B012-33676B7366A1}
	EndGlobalSection
EndGlobal
